
Microsoft Visual Studio Solution File, Format Version 12.00
# Visual Studio Version 17
VisualStudioVersion = 17.13.35931.197 d17.13
MinimumVisualStudioVersion = 10.0.40219.1
Project("{FAE04EC0-301F-11D3-BF4B-00C04F79EFBC}") = "TodoModule", "TodoModule.csproj", "{0AEF460C-520D-472B-B7D6-CACDF478A1B6}"
EndProject
Project("{FAE04EC0-301F-11D3-BF4B-00C04F79EFBC}") = "OverlayApp.SDK", "..\OverlayApp.SDK\OverlayApp.SDK.csproj", "{5B03FC8D-D53B-C91C-C076-D97D9FC40376}"
EndProject
Global
	GlobalSection(SolutionConfigurationPlatforms) = preSolution
		Debug|Any CPU = Debug|Any CPU
		Release|Any CPU = Release|Any CPU
	EndGlobalSection
	GlobalSection(ProjectConfigurationPlatforms) = postSolution
		{0AEF460C-520D-472B-B7D6-CACDF478A1B6}.Debug|Any CPU.ActiveCfg = Debug|Any CPU
		{0AEF460C-520D-472B-B7D6-CACDF478A1B6}.Debug|Any CPU.Build.0 = Debug|Any CPU
		{0AEF460C-520D-472B-B7D6-CACDF478A1B6}.Release|Any CPU.ActiveCfg = Release|Any CPU
		{0AEF460C-520D-472B-B7D6-CACDF478A1B6}.Release|Any CPU.Build.0 = Release|Any CPU
		{5B03FC8D-D53B-C91C-C076-D97D9FC40376}.Debug|Any CPU.ActiveCfg = Debug|Any CPU
		{5B03FC8D-D53B-C91C-C076-D97D9FC40376}.Debug|Any CPU.Build.0 = Debug|Any CPU
		{5B03FC8D-D53B-C91C-C076-D97D9FC40376}.Release|Any CPU.ActiveCfg = Release|Any CPU
		{5B03FC8D-D53B-C91C-C076-D97D9FC40376}.Release|Any CPU.Build.0 = Release|Any CPU
	EndGlobalSection
	GlobalSection(SolutionProperties) = preSolution
		HideSolutionNode = FALSE
	EndGlobalSection
	GlobalSection(ExtensibilityGlobals) = postSolution
		SolutionGuid = {EDB011C2-89A4-47E0-A351-3DBDEFF4A0DE}
	EndGlobalSection
EndGlobal
